// !$*UTF8*$!
{
	archiveVersion = 1;
	classes = {
	};
	objectVersion = 46;
	objects = {

/* Begin PBXBuildFile section */
		13525DEE1C620D2E00731A92 /* AppDelegate.swift in Sources */ = {isa = PBXBuildFile; fileRef = 13525DED1C620D2E00731A92 /* AppDelegate.swift */; };
		13525DF01C620D2E00731A92 /* ViewController.swift in Sources */ = {isa = PBXBuildFile; fileRef = 13525DEF1C620D2E00731A92 /* ViewController.swift */; };
		13525DF31C620D2E00731A92 /* Main.storyboard in Resources */ = {isa = PBXBuildFile; fileRef = 13525DF11C620D2E00731A92 /* Main.storyboard */; };
		13525DF81C620D2E00731A92 /* LaunchScreen.storyboard in Resources */ = {isa = PBXBuildFile; fileRef = 13525DF61C620D2E00731A92 /* LaunchScreen.storyboard */; };
		13DF35671C649A13007DB7C2 /* Assets.xcassets in Resources */ = {isa = PBXBuildFile; fileRef = 13DF35661C649A13007DB7C2 /* Assets.xcassets */; };
		13DF356B1C64E9B9007DB7C2 /* DragImage.swift in Sources */ = {isa = PBXBuildFile; fileRef = 13DF356A1C64E9B9007DB7C2 /* DragImage.swift */; };
		13DF356F1C64EBFD007DB7C2 /* UIImageDim.swift in Sources */ = {isa = PBXBuildFile; fileRef = 13DF356E1C64EBFD007DB7C2 /* UIImageDim.swift */; };
		13DF35711C6500B6007DB7C2 /* PetImg.swift in Sources */ = {isa = PBXBuildFile; fileRef = 13DF35701C6500B6007DB7C2 /* PetImg.swift */; };
		13DF35731C65023A007DB7C2 /* Model.swift in Sources */ = {isa = PBXBuildFile; fileRef = 13DF35721C65023A007DB7C2 /* Model.swift */; };
/* End PBXBuildFile section */

/* Begin PBXFileReference section */
		13525DEA1C620D2E00731A92 /* TamaGolem.app */ = {isa = PBXFileReference; explicitFileType = wrapper.application; includeInIndex = 0; path = TamaGolem.app; sourceTree = BUILT_PRODUCTS_DIR; };
		13525DED1C620D2E00731A92 /* AppDelegate.swift */ = {isa = PBXFileReference; lastKnownFileType = sourcecode.swift; path = AppDelegate.swift; sourceTree = "<group>"; };
		13525DEF1C620D2E00731A92 /* ViewController.swift */ = {isa = PBXFileReference; lastKnownFileType = sourcecode.swift; path = ViewController.swift; sourceTree = "<group>"; };
		13525DF21C620D2E00731A92 /* Base */ = {isa = PBXFileReference; lastKnownFileType = file.storyboard; name = Base; path = Base.lproj/Main.storyboard; sourceTree = "<group>"; };
		13525DF71C620D2E00731A92 /* Base */ = {isa = PBXFileReference; lastKnownFileType = file.storyboard; name = Base; path = Base.lproj/LaunchScreen.storyboard; sourceTree = "<group>"; };
		13525DF91C620D2E00731A92 /* Info.plist */ = {isa = PBXFileReference; lastKnownFileType = text.plist.xml; path = Info.plist; sourceTree = "<group>"; };
		13DF35661C649A13007DB7C2 /* Assets.xcassets */ = {isa = PBXFileReference; lastKnownFileType = folder.assetcatalog; path = Assets.xcassets; sourceTree = "<group>"; };
		13DF356A1C64E9B9007DB7C2 /* DragImage.swift */ = {isa = PBXFileReference; fileEncoding = 4; lastKnownFileType = sourcecode.swift; path = DragImage.swift; sourceTree = "<group>"; };
		13DF356E1C64EBFD007DB7C2 /* UIImageDim.swift */ = {isa = PBXFileReference; fileEncoding = 4; lastKnownFileType = sourcecode.swift; path = UIImageDim.swift; sourceTree = "<group>"; };
		13DF35701C6500B6007DB7C2 /* PetImg.swift */ = {isa = PBXFileReference; fileEncoding = 4; lastKnownFileType = sourcecode.swift; path = PetImg.swift; sourceTree = "<group>"; };
		13DF35721C65023A007DB7C2 /* Model.swift */ = {isa = PBXFileReference; fileEncoding = 4; lastKnownFileType = sourcecode.swift; path = Model.swift; sourceTree = "<group>"; };
/* End PBXFileReference section */

/* Begin PBXFrameworksBuildPhase section */
		13525DE71C620D2E00731A92 /* Frameworks */ = {
			isa = PBXFrameworksBuildPhase;
			buildActionMask = 2147483647;
			files = (
			);
			runOnlyForDeploymentPostprocessing = 0;
		};
/* End PBXFrameworksBuildPhase section */

/* Begin PBXGroup section */
		13525DE11C620D2E00731A92 = {
			isa = PBXGroup;
			children = (
				13525DEC1C620D2E00731A92 /* TamaGolem */,
				13525DEB1C620D2E00731A92 /* Products */,
			);
			sourceTree = "<group>";
		};
		13525DEB1C620D2E00731A92 /* Products */ = {
			isa = PBXGroup;
			children = (
				13525DEA1C620D2E00731A92 /* TamaGolem.app */,
			);
			name = Products;
			sourceTree = "<group>";
		};
		13525DEC1C620D2E00731A92 /* TamaGolem */ = {
			isa = PBXGroup;
			children = (
				13DF356D1C64EA65007DB7C2 /* Model */,
				13DF356C1C64EA5A007DB7C2 /* View */,
				13525DED1C620D2E00731A92 /* AppDelegate.swift */,
				13525DEF1C620D2E00731A92 /* ViewController.swift */,
				13525DF11C620D2E00731A92 /* Main.storyboard */,
				13DF35661C649A13007DB7C2 /* Assets.xcassets */,
				13525DF61C620D2E00731A92 /* LaunchScreen.storyboard */,
				13525DF91C620D2E00731A92 /* Info.plist */,
			);
			path = TamaGolem;
			sourceTree = "<group>";
		};
		13DF356C1C64EA5A007DB7C2 /* View */ = {
			isa = PBXGroup;
			children = (
				13DF356A1C64E9B9007DB7C2 /* DragImage.swift */,
				13DF356E1C64EBFD007DB7C2 /* UIImageDim.swift */,
				13DF35701C6500B6007DB7C2 /* PetImg.swift */,
			);
			name = View;
			sourceTree = "<group>";
		};
		13DF356D1C64EA65007DB7C2 /* Model */ = {
			isa = PBXGroup;
			children = (
				13DF35721C65023A007DB7C2 /* Model.swift */,
			);
			name = Model;
			sourceTree = "<group>";
		};
/* End PBXGroup section */

/* Begin PBXNativeTarget section */
		13525DE91C620D2E00731A92 /* TamaGolem */ = {
			isa = PBXNativeTarget;
			buildConfigurationList = 13525DFC1C620D2E00731A92 /* Build configuration list for PBXNativeTarget "TamaGolem" */;
			buildPhases = (
				13525DE61C620D2E00731A92 /* Sources */,
				13525DE71C620D2E00731A92 /* Frameworks */,
				13525DE81C620D2E00731A92 /* Resources */,
			);
			buildRules = (
			);
			dependencies = (
			);
			name = TamaGolem;
			productName = TamaGolem;
			productReference = 13525DEA1C620D2E00731A92 /* TamaGolem.app */;
			productType = "com.apple.product-type.application";
		};
/* End PBXNativeTarget section */

/* Begin PBXProject section */
		13525DE21C620D2E00731A92 /* Project object */ = {
			isa = PBXProject;
			attributes = {
				LastSwiftUpdateCheck = 0720;
				LastUpgradeCheck = 0720;
				ORGANIZATIONNAME = "Jan Dammshäuser";
				TargetAttributes = {
					13525DE91C620D2E00731A92 = {
						CreatedOnToolsVersion = 7.2.1;
						DevelopmentTeam = 6N9Z26P656;
					};
				};
			};
			buildConfigurationList = 13525DE51C620D2E00731A92 /* Build configuration list for PBXProject "TamaGolem" */;
			compatibilityVersion = "Xcode 3.2";
			developmentRegion = English;
			hasScannedForEncodings = 0;
			knownRegions = (
				en,
				Base,
			);
			mainGroup = 13525DE11C620D2E00731A92;
			productRefGroup = 13525DEB1C620D2E00731A92 /* Products */;
			projectDirPath = "";
			projectRoot = "";
			targets = (
				13525DE91C620D2E00731A92 /* TamaGolem */,
			);
		};
/* End PBXProject section */

/* Begin PBXResourcesBuildPhase section */
		13525DE81C620D2E00731A92 /* Resources */ = {
			isa = PBXResourcesBuildPhase;
			buildActionMask = 2147483647;
			files = (
				13525DF81C620D2E00731A92 /* LaunchScreen.storyboard in Resources */,
				13DF35671C649A13007DB7C2 /* Assets.xcassets in Resources */,
				13525DF31C620D2E00731A92 /* Main.storyboard in Resources */,
			);
			runOnlyForDeploymentPostprocessing = 0;
		};
/* End PBXResourcesBuildPhase section */

/* Begin PBXSourcesBuildPhase section */
		13525DE61C620D2E00731A92 /* Sources */ = {
			isa = PBXSourcesBuildPhase;
			buildActionMask = 2147483647;
			files = (
				13525DF01C620D2E00731A92 /* ViewController.swift in Sources */,
				13525DEE1C620D2E00731A92 /* AppDelegate.swift in Sources */,
				13DF356F1C64EBFD007DB7C2 /* UIImageDim.swift in Sources */,
				13DF35731C65023A007DB7C2 /* Model.swift in Sources */,
				13DF356B1C64E9B9007DB7C2 /* DragImage.swift in Sources */,
				13DF35711C6500B6007DB7C2 /* PetImg.swift in Sources */,
			);
			runOnlyForDeploymentPostprocessing = 0;
		};
/* End PBXSourcesBuildPhase section */

/* Begin PBXVariantGroup section */
		13525DF11C620D2E00731A92 /* Main.storyboard */ = {
			isa = PBXVariantGroup;
			children = (
				13525DF21C620D2E00731A92 /* Base */,
			);
			name = Main.storyboard;
			sourceTree = "<group>";
		};
		13525DF61C620D2E00731A92 /* LaunchScreen.storyboard */ = {
			isa = PBXVariantGroup;
			children = (
				13525DF71C620D2E00731A92 /* Base */,
			);
			name = LaunchScreen.storyboard;
			sourceTree = "<group>";
		};
/* End PBXVariantGroup section */

/* Begin XCBuildConfiguration section */
		13525DFA1C620D2E00731A92 /* Debug */ = {
			isa = XCBuildConfiguration;
			buildSettings = {
				ALWAYS_SEARCH_USER_PATHS = NO;
				CLANG_CXX_LANGUAGE_STANDARD = "gnu++0x";
				CLANG_CXX_LIBRARY = "libc++";
				CLANG_ENABLE_MODULES = YES;
				CLANG_ENABLE_OBJC_ARC = YES;
				CLANG_WARN_BOOL_CONVERSION = YES;
				CLANG_WARN_CONSTANT_CONVERSION = YES;
				CLANG_WARN_DIRECT_OBJC_ISA_USAGE = YES_ERROR;
				CLANG_WARN_EMPTY_BODY = YES;
				CLANG_WARN_ENUM_CONVERSION = YES;
				CLANG_WARN_INT_CONVERSION = YES;
				CLANG_WARN_OBJC_ROOT_CLASS = YES_ERROR;
				CLANG_WARN_UNREACHABLE_CODE = YES;
				CLANG_WARN__DUPLICATE_METHOD_MATCH = YES;
				"CODE_SIGN_IDENTITY[sdk=iphoneos*]" = "iPhone Developer";
				COPY_PHASE_STRIP = NO;
				DEBUG_INFORMATION_FORMAT = dwarf;
				ENABLE_STRICT_OBJC_MSGSEND = YES;
				ENABLE_TESTABILITY = YES;
				GCC_C_LANGUAGE_STANDARD = gnu99;
				GCC_DYNAMIC_NO_PIC = NO;
				GCC_NO_COMMON_BLOCKS = YES;
				GCC_OPTIMIZATION_LEVEL = 0;
				GCC_PREPROCESSOR_DEFINITIONS = (
					"DEBUG=1",
					"$(inherited)",
				);
				GCC_WARN_64_TO_32_BIT_CONVERSION = YES;
				GCC_WARN_ABOUT_RETURN_TYPE = YES_ERROR;
				GCC_WARN_UNDECLARED_SELECTOR = YES;
				GCC_WARN_UNINITIALIZED_AUTOS = YES_AGGRESSIVE;
				GCC_WARN_UNUSED_FUNCTION = YES;
				GCC_WARN_UNUSED_VARIABLE = YES;
				IPHONEOS_DEPLOYMENT_TARGET = 9.2;
				MTL_ENABLE_DEBUG_INFO = YES;
				ONLY_ACTIVE_ARCH = YES;
				SDKROOT = iphoneos;
				SWIFT_OPTIMIZATION_LEVEL = "-Onone";
				TARGETED_DEVICE_FAMILY = "1,2";
			};
			name = Debug;
		};
		13525DFB1C620D2E00731A92 /* Release */ = {
			isa = XCBuildConfiguration;
			buildSettings = {
				ALWAYS_SEARCH_USER_PATHS = NO;
				CLANG_CXX_LANGUAGE_STANDARD = "gnu++0x";
				CLANG_CXX_LIBRARY = "libc++";
				CLANG_ENABLE_MODULES = YES;
				CLANG_ENABLE_OBJC_ARC = YES;
				CLANG_WARN_BOOL_CONVERSION = YES;
				CLANG_WARN_CONSTANT_CONVERSION = YES;
				CLANG_WARN_DIRECT_OBJC_ISA_USAGE = YES_ERROR;
				CLANG_WARN_EMPTY_BODY = YES;
				CLANG_WARN_ENUM_CONVERSION = YES;
				CLANG_WARN_INT_CONVERSION = YES;
				CLANG_WARN_OBJC_ROOT_CLASS = YES_ERROR;
				CLANG_WARN_UNREACHABLE_CODE = YES;
				CLANG_WARN__DUPLICATE_METHOD_MATCH = YES;
				"CODE_SIGN_IDENTITY[sdk=iphoneos*]" = "iPhone Developer";
				COPY_PHASE_STRIP = NO;
				DEBUG_INFORMATION_FORMAT = "dwarf-with-dsym";
				ENABLE_NS_ASSERTIONS = NO;
				ENABLE_STRICT_OBJC_MSGSEND = YES;
				GCC_C_LANGUAGE_STANDARD = gnu99;
				GCC_NO_COMMON_BLOCKS = YES;
				GCC_WARN_64_TO_32_BIT_CONVERSION = YES;
				GCC_WARN_ABOUT_RETURN_TYPE = YES_ERROR;
				GCC_WARN_UNDECLARED_SELECTOR = YES;
				GCC_WARN_UNINITIALIZED_AUTOS = YES_AGGRESSIVE;
				GCC_WARN_UNUSED_FUNCTION = YES;
				GCC_WARN_UNUSED_VARIABLE = YES;
				IPHONEOS_DEPLOYMENT_TARGET = 9.2;
				MTL_ENABLE_DEBUG_INFO = NO;
				SDKROOT = iphoneos;
				TARGETED_DEVICE_FAMILY = "1,2";
				VALIDATE_PRODUCT = YES;
			};
			name = Release;
		};
		13525DFD1C620D2E00731A92 /* Debug */ = {
			isa = XCBuildConfiguration;
			buildSettings = {
				ASSETCATALOG_COMPILER_APPICON_NAME = AppIcon;
				INFOPLIST_FILE = TamaGolem/Info.plist;
				LD_RUNPATH_SEARCH_PATHS = "$(inherited) @executable_path/Frameworks";
				PRODUCT_BUNDLE_IDENTIFIER = de.jandamm.TamaGolem;
				PRODUCT_NAME = "$(TARGET_NAME)";
			};
			name = Debug;
		};
		13525DFE1C620D2E00731A92 /* Release */ = {
			isa = XCBuildConfiguration;
			buildSettings = {
				ASSETCATALOG_COMPILER_APPICON_NAME = AppIcon;
				INFOPLIST_FILE = TamaGolem/Info.plist;
				LD_RUNPATH_SEARCH_PATHS = "$(inherited) @executable_path/Frameworks";
				PRODUCT_BUNDLE_IDENTIFIER = de.jandamm.TamaGolem;
				PRODUCT_NAME = "$(TARGET_NAME)";
			};
			name = Release;
		};
/* End XCBuildConfiguration section */

/* Begin XCConfigurationList section */
		13525DE51C620D2E00731A92 /* Build configuration list for PBXProject "TamaGolem" */ = {
			isa = XCConfigurationList;
			buildConfigurations = (
				13525DFA1C620D2E00731A92 /* Debug */,
				13525DFB1C620D2E00731A92 /* Release */,
			);
			defaultConfigurationIsVisible = 0;
			defaultConfigurationName = Release;
		};
		13525DFC1C620D2E00731A92 /* Build configuration list for PBXNativeTarget "TamaGolem" */ = {
			isa = XCConfigurationList;
			buildConfigurations = (
				13525DFD1C620D2E00731A92 /* Debug */,
				13525DFE1C620D2E00731A92 /* Release */,
			);
			defaultConfigurationIsVisible = 0;
			defaultConfigurationName = Release;
		};
/* End XCConfigurationList section */
	};
	rootObject = 13525DE21C620D2E00731A92 /* Project object */;
}
